Microsoft Visual Studio Solution File, Format Version 12.00
# Visual Studio Version 17
VisualStudioVersion = 17.5.2.0
MinimumVisualStudioVersion = 10.0.40219.1
Project("{FAE04EC0-301F-11D3-BF4B-00C04F79EFBC}") = "mcserver_creator", "mcserver_creator.csproj", "{763616E1-031C-2B64-6A2F-796BEADD0AB0}"
EndProject
Global
	GlobalSection(SolutionConfigurationPlatforms) = preSolution
		Debug|Any CPU = Debug|Any CPU
		Release|Any CPU = Release|Any CPU
	EndGlobalSection
	GlobalSection(ProjectConfigurationPlatforms) = postSolution
		{763616E1-031C-2B64-6A2F-796BEADD0AB0}.Debug|Any CPU.ActiveCfg = Debug|Any CPU
		{763616E1-031C-2B64-6A2F-796BEADD0AB0}.Debug|Any CPU.Build.0 = Debug|Any CPU
		{763616E1-031C-2B64-6A2F-796BEADD0AB0}.Release|Any CPU.ActiveCfg = Release|Any CPU
		{763616E1-031C-2B64-6A2F-796BEADD0AB0}.Release|Any CPU.Build.0 = Release|Any CPU
	EndGlobalSection
	GlobalSection(SolutionProperties) = preSolution
		HideSolutionNode = FALSE
	EndGlobalSection
	GlobalSection(ExtensibilityGlobals) = postSolution
		SolutionGuid = {FDBF48F5-2598-4330-8B2E-F6CE384251FF}
	EndGlobalSection
EndGlobal
